// !$*UTF8*$!
{
	archiveVersion = 1;
	classes = {
	};
	objectVersion = 56;
	objects = {

/* Begin PBXBuildFile section */
		5E5EE6282A6B8088000B59D0 /* AppDelegate.swift in Sources */ = {isa = PBXBuildFile; fileRef = 5E5EE6272A6B8088000B59D0 /* AppDelegate.swift */; };
		5E5EE62A2A6B8088000B59D0 /* SceneDelegate.swift in Sources */ = {isa = PBXBuildFile; fileRef = 5E5EE6292A6B8088000B59D0 /* SceneDelegate.swift */; };
		5E5EE62C2A6B8088000B59D0 /* ViewController.swift in Sources */ = {isa = PBXBuildFile; fileRef = 5E5EE62B2A6B8088000B59D0 /* ViewController.swift */; };
		5E5EE62F2A6B8088000B59D0 /* Main.storyboard in Resources */ = {isa = PBXBuildFile; fileRef = 5E5EE62D2A6B8088000B59D0 /* Main.storyboard */; };
		5E5EE6312A6B808C000B59D0 /* Assets.xcassets in Resources */ = {isa = PBXBuildFile; fileRef = 5E5EE6302A6B808C000B59D0 /* Assets.xcassets */; };
		5E5EE6342A6B808C000B59D0 /* LaunchScreen.storyboard in Resources */ = {isa = PBXBuildFile; fileRef = 5E5EE6322A6B808C000B59D0 /* LaunchScreen.storyboard */; };
		5E5EE63F2A6B808D000B59D0 /* AprendiendoiOSTests.swift in Sources */ = {isa = PBXBuildFile; fileRef = 5E5EE63E2A6B808D000B59D0 /* AprendiendoiOSTests.swift */; };
		5E5EE6492A6B808D000B59D0 /* AprendiendoiOSUITests.swift in Sources */ = {isa = PBXBuildFile; fileRef = 5E5EE6482A6B808D000B59D0 /* AprendiendoiOSUITests.swift */; };
		5E5EE64B2A6B808D000B59D0 /* AprendiendoiOSUITestsLaunchTests.swift in Sources */ = {isa = PBXBuildFile; fileRef = 5E5EE64A2A6B808D000B59D0 /* AprendiendoiOSUITestsLaunchTests.swift */; };
		5E5EE6582A6CD8FD000B59D0 /* Home.storyboard in Resources */ = {isa = PBXBuildFile; fileRef = 5E5EE6572A6CD8FD000B59D0 /* Home.storyboard */; };
		5EB779F52A6E1F1900470551 /* HelpViewController.swift in Sources */ = {isa = PBXBuildFile; fileRef = 5EB779F42A6E1F1900470551 /* HelpViewController.swift */; };
/* End PBXBuildFile section */

/* Begin PBXContainerItemProxy section */
		5E5EE63B2A6B808D000B59D0 /* PBXContainerItemProxy */ = {
			isa = PBXContainerItemProxy;
			containerPortal = 5E5EE61C2A6B8088000B59D0 /* Project object */;
			proxyType = 1;
			remoteGlobalIDString = 5E5EE6232A6B8088000B59D0;
			remoteInfo = AprendiendoiOS;
		};
		5E5EE6452A6B808D000B59D0 /* PBXContainerItemProxy */ = {
			isa = PBXContainerItemProxy;
			containerPortal = 5E5EE61C2A6B8088000B59D0 /* Project object */;
			proxyType = 1;
			remoteGlobalIDString = 5E5EE6232A6B8088000B59D0;
			remoteInfo = AprendiendoiOS;
		};
/* End PBXContainerItemProxy section */

/* Begin PBXFileReference section */
		5E5EE6242A6B8088000B59D0 /* AprendiendoiOS.app */ = {isa = PBXFileReference; explicitFileType = wrapper.application; includeInIndex = 0; path = AprendiendoiOS.app; sourceTree = BUILT_PRODUCTS_DIR; };
		5E5EE6272A6B8088000B59D0 /* AppDelegate.swift */ = {isa = PBXFileReference; lastKnownFileType = sourcecode.swift; path = AppDelegate.swift; sourceTree = "<group>"; };
		5E5EE6292A6B8088000B59D0 /* SceneDelegate.swift */ = {isa = PBXFileReference; lastKnownFileType = sourcecode.swift; path = SceneDelegate.swift; sourceTree = "<group>"; };
		5E5EE62B2A6B8088000B59D0 /* ViewController.swift */ = {isa = PBXFileReference; lastKnownFileType = sourcecode.swift; path = ViewController.swift; sourceTree = "<group>"; };
		5E5EE62E2A6B8088000B59D0 /* Base */ = {isa = PBXFileReference; lastKnownFileType = file.storyboard; name = Base; path = Base.lproj/Main.storyboard; sourceTree = "<group>"; };
		5E5EE6302A6B808C000B59D0 /* Assets.xcassets */ = {isa = PBXFileReference; lastKnownFileType = folder.assetcatalog; path = Assets.xcassets; sourceTree = "<group>"; };
		5E5EE6332A6B808C000B59D0 /* Base */ = {isa = PBXFileReference; lastKnownFileType = file.storyboard; name = Base; path = Base.lproj/LaunchScreen.storyboard; sourceTree = "<group>"; };
		5E5EE6352A6B808C000B59D0 /* Info.plist */ = {isa = PBXFileReference; lastKnownFileType = text.plist.xml; path = Info.plist; sourceTree = "<group>"; };
		5E5EE63A2A6B808D000B59D0 /* AprendiendoiOSTests.xctest */ = {isa = PBXFileReference; explicitFileType = wrapper.cfbundle; includeInIndex = 0; path = AprendiendoiOSTests.xctest; sourceTree = BUILT_PRODUCTS_DIR; };
		5E5EE63E2A6B808D000B59D0 /* AprendiendoiOSTests.swift */ = {isa = PBXFileReference; lastKnownFileType = sourcecode.swift; path = AprendiendoiOSTests.swift; sourceTree = "<group>"; };
		5E5EE6442A6B808D000B59D0 /* AprendiendoiOSUITests.xctest */ = {isa = PBXFileReference; explicitFileType = wrapper.cfbundle; includeInIndex = 0; path = AprendiendoiOSUITests.xctest; sourceTree = BUILT_PRODUCTS_DIR; };
		5E5EE6482A6B808D000B59D0 /* AprendiendoiOSUITests.swift */ = {isa = PBXFileReference; lastKnownFileType = sourcecode.swift; path = AprendiendoiOSUITests.swift; sourceTree = "<group>"; };
		5E5EE64A2A6B808D000B59D0 /* AprendiendoiOSUITestsLaunchTests.swift */ = {isa = PBXFileReference; lastKnownFileType = sourcecode.swift; path = AprendiendoiOSUITestsLaunchTests.swift; sourceTree = "<group>"; };
		5E5EE6572A6CD8FD000B59D0 /* Home.storyboard */ = {isa = PBXFileReference; lastKnownFileType = file.storyboard; path = Home.storyboard; sourceTree = "<group>"; };
		5EB779F42A6E1F1900470551 /* HelpViewController.swift */ = {isa = PBXFileReference; lastKnownFileType = sourcecode.swift; path = HelpViewController.swift; sourceTree = "<group>"; };
/* End PBXFileReference section */

/* Begin PBXFrameworksBuildPhase section */
		5E5EE6212A6B8088000B59D0 /* Frameworks */ = {
			isa = PBXFrameworksBuildPhase;
			buildActionMask = 2147483647;
			files = (
			);
			runOnlyForDeploymentPostprocessing = 0;
		};
		5E5EE6372A6B808D000B59D0 /* Frameworks */ = {
			isa = PBXFrameworksBuildPhase;
			buildActionMask = 2147483647;
			files = (
			);
			runOnlyForDeploymentPostprocessing = 0;
		};
		5E5EE6412A6B808D000B59D0 /* Frameworks */ = {
			isa = PBXFrameworksBuildPhase;
			buildActionMask = 2147483647;
			files = (
			);
			runOnlyForDeploymentPostprocessing = 0;
		};
/* End PBXFrameworksBuildPhase section */

/* Begin PBXGroup section */
		5E5EE61B2A6B8088000B59D0 = {
			isa = PBXGroup;
			children = (
				5E5EE6262A6B8088000B59D0 /* AprendiendoiOS */,
				5E5EE63D2A6B808D000B59D0 /* AprendiendoiOSTests */,
				5E5EE6472A6B808D000B59D0 /* AprendiendoiOSUITests */,
				5E5EE6252A6B8088000B59D0 /* Products */,
			);
			sourceTree = "<group>";
		};
		5E5EE6252A6B8088000B59D0 /* Products */ = {
			isa = PBXGroup;
			children = (
				5E5EE6242A6B8088000B59D0 /* AprendiendoiOS.app */,
				5E5EE63A2A6B808D000B59D0 /* AprendiendoiOSTests.xctest */,
				5E5EE6442A6B808D000B59D0 /* AprendiendoiOSUITests.xctest */,
			);
			name = Products;
			sourceTree = "<group>";
		};
		5E5EE6262A6B8088000B59D0 /* AprendiendoiOS */ = {
			isa = PBXGroup;
			children = (
				5E5EE6272A6B8088000B59D0 /* AppDelegate.swift */,
				5E5EE6292A6B8088000B59D0 /* SceneDelegate.swift */,
				5E5EE62B2A6B8088000B59D0 /* ViewController.swift */,
				5EB779F42A6E1F1900470551 /* HelpViewController.swift */,
				5E5EE62D2A6B8088000B59D0 /* Main.storyboard */,
				5E5EE6302A6B808C000B59D0 /* Assets.xcassets */,
				5E5EE6322A6B808C000B59D0 /* LaunchScreen.storyboard */,
				5E5EE6352A6B808C000B59D0 /* Info.plist */,
				5E5EE6572A6CD8FD000B59D0 /* Home.storyboard */,
			);
			path = AprendiendoiOS;
			sourceTree = "<group>";
		};
		5E5EE63D2A6B808D000B59D0 /* AprendiendoiOSTests */ = {
			isa = PBXGroup;
			children = (
				5E5EE63E2A6B808D000B59D0 /* AprendiendoiOSTests.swift */,
			);
			path = AprendiendoiOSTests;
			sourceTree = "<group>";
		};
		5E5EE6472A6B808D000B59D0 /* AprendiendoiOSUITests */ = {
			isa = PBXGroup;
			children = (
				5E5EE6482A6B808D000B59D0 /* AprendiendoiOSUITests.swift */,
				5E5EE64A2A6B808D000B59D0 /* AprendiendoiOSUITestsLaunchTests.swift */,
			);
			path = AprendiendoiOSUITests;
			sourceTree = "<group>";
		};
/* End PBXGroup section */

/* Begin PBXNativeTarget section */
		5E5EE6232A6B8088000B59D0 /* AprendiendoiOS */ = {
			isa = PBXNativeTarget;
			buildConfigurationList = 5E5EE64E2A6B808D000B59D0 /* Build configuration list for PBXNativeTarget "AprendiendoiOS" */;
			buildPhases = (
				5E5EE6202A6B8088000B59D0 /* Sources */,
				5E5EE6212A6B8088000B59D0 /* Frameworks */,
				5E5EE6222A6B8088000B59D0 /* Resources */,
			);
			buildRules = (
			);
			dependencies = (
			);
			name = AprendiendoiOS;
			productName = AprendiendoiOS;
			productReference = 5E5EE6242A6B8088000B59D0 /* AprendiendoiOS.app */;
			productType = "com.apple.product-type.application";
		};
		5E5EE6392A6B808D000B59D0 /* AprendiendoiOSTests */ = {
			isa = PBXNativeTarget;
			buildConfigurationList = 5E5EE6512A6B808D000B59D0 /* Build configuration list for PBXNativeTarget "AprendiendoiOSTests" */;
			buildPhases = (
				5E5EE6362A6B808D000B59D0 /* Sources */,
				5E5EE6372A6B808D000B59D0 /* Frameworks */,
				5E5EE6382A6B808D000B59D0 /* Resources */,
			);
			buildRules = (
			);
			dependencies = (
				5E5EE63C2A6B808D000B59D0 /* PBXTargetDependency */,
			);
			name = AprendiendoiOSTests;
			productName = AprendiendoiOSTests;
			productReference = 5E5EE63A2A6B808D000B59D0 /* AprendiendoiOSTests.xctest */;
			productType = "com.apple.product-type.bundle.unit-test";
		};
		5E5EE6432A6B808D000B59D0 /* AprendiendoiOSUITests */ = {
			isa = PBXNativeTarget;
			buildConfigurationList = 5E5EE6542A6B808D000B59D0 /* Build configuration list for PBXNativeTarget "AprendiendoiOSUITests" */;
			buildPhases = (
				5E5EE6402A6B808D000B59D0 /* Sources */,
				5E5EE6412A6B808D000B59D0 /* Frameworks */,
				5E5EE6422A6B808D000B59D0 /* Resources */,
			);
			buildRules = (
			);
			dependencies = (
				5E5EE6462A6B808D000B59D0 /* PBXTargetDependency */,
			);
			name = AprendiendoiOSUITests;
			productName = AprendiendoiOSUITests;
			productReference = 5E5EE6442A6B808D000B59D0 /* AprendiendoiOSUITests.xctest */;
			productType = "com.apple.product-type.bundle.ui-testing";
		};
/* End PBXNativeTarget section */

/* Begin PBXProject section */
		5E5EE61C2A6B8088000B59D0 /* Project object */ = {
			isa = PBXProject;
			attributes = {
				BuildIndependentTargetsInParallel = 1;
				LastSwiftUpdateCheck = 1430;
				LastUpgradeCheck = 1430;
				TargetAttributes = {
					5E5EE6232A6B8088000B59D0 = {
						CreatedOnToolsVersion = 14.3.1;
					};
					5E5EE6392A6B808D000B59D0 = {
						CreatedOnToolsVersion = 14.3.1;
						TestTargetID = 5E5EE6232A6B8088000B59D0;
					};
					5E5EE6432A6B808D000B59D0 = {
						CreatedOnToolsVersion = 14.3.1;
						TestTargetID = 5E5EE6232A6B8088000B59D0;
					};
				};
			};
			buildConfigurationList = 5E5EE61F2A6B8088000B59D0 /* Build configuration list for PBXProject "AprendiendoiOS" */;
			compatibilityVersion = "Xcode 14.0";
			developmentRegion = en;
			hasScannedForEncodings = 0;
			knownRegions = (
				en,
				Base,
			);
			mainGroup = 5E5EE61B2A6B8088000B59D0;
			productRefGroup = 5E5EE6252A6B8088000B59D0 /* Products */;
			projectDirPath = "";
			projectRoot = "";
			targets = (
				5E5EE6232A6B8088000B59D0 /* AprendiendoiOS */,
				5E5EE6392A6B808D000B59D0 /* AprendiendoiOSTests */,
				5E5EE6432A6B808D000B59D0 /* AprendiendoiOSUITests */,
			);
		};
/* End PBXProject section */

/* Begin PBXResourcesBuildPhase section */
		5E5EE6222A6B8088000B59D0 /* Resources */ = {
			isa = PBXResourcesBuildPhase;
			buildActionMask = 2147483647;
			files = (
				5E5EE6342A6B808C000B59D0 /* LaunchScreen.storyboard in Resources */,
				5E5EE6312A6B808C000B59D0 /* Assets.xcassets in Resources */,
				5E5EE62F2A6B8088000B59D0 /* Main.storyboard in Resources */,
				5E5EE6582A6CD8FD000B59D0 /* Home.storyboard in Resources */,
			);
			runOnlyForDeploymentPostprocessing = 0;
		};
		5E5EE6382A6B808D000B59D0 /* Resources */ = {
			isa = PBXResourcesBuildPhase;
			buildActionMask = 2147483647;
			files = (
			);
			runOnlyForDeploymentPostprocessing = 0;
		};
		5E5EE6422A6B808D000B59D0 /* Resources */ = {
			isa = PBXResourcesBuildPhase;
			buildActionMask = 2147483647;
			files = (
			);
			runOnlyForDeploymentPostprocessing = 0;
		};
/* End PBXResourcesBuildPhase section */

/* Begin PBXSourcesBuildPhase section */
		5E5EE6202A6B8088000B59D0 /* Sources */ = {
			isa = PBXSourcesBuildPhase;
			buildActionMask = 2147483647;
			files = (
				5E5EE62C2A6B8088000B59D0 /* ViewController.swift in Sources */,
				5E5EE6282A6B8088000B59D0 /* AppDelegate.swift in Sources */,
				5E5EE62A2A6B8088000B59D0 /* SceneDelegate.swift in Sources */,
				5EB779F52A6E1F1900470551 /* HelpViewController.swift in Sources */,
			);
			runOnlyForDeploymentPostprocessing = 0;
		};
		5E5EE6362A6B808D000B59D0 /* Sources */ = {
			isa = PBXSourcesBuildPhase;
			buildActionMask = 2147483647;
			files = (
				5E5EE63F2A6B808D000B59D0 /* AprendiendoiOSTests.swift in Sources */,
			);
			runOnlyForDeploymentPostprocessing = 0;
		};
		5E5EE6402A6B808D000B59D0 /* Sources */ = {
			isa = PBXSourcesBuildPhase;
			buildActionMask = 2147483647;
			files = (
				5E5EE64B2A6B808D000B59D0 /* AprendiendoiOSUITestsLaunchTests.swift in Sources */,
				5E5EE6492A6B808D000B59D0 /* AprendiendoiOSUITests.swift in Sources */,
			);
			runOnlyForDeploymentPostprocessing = 0;
		};
/* End PBXSourcesBuildPhase section */

/* Begin PBXTargetDependency section */
		5E5EE63C2A6B808D000B59D0 /* PBXTargetDependency */ = {
			isa = PBXTargetDependency;
			target = 5E5EE6232A6B8088000B59D0 /* AprendiendoiOS */;
			targetProxy = 5E5EE63B2A6B808D000B59D0 /* PBXContainerItemProxy */;
		};
		5E5EE6462A6B808D000B59D0 /* PBXTargetDependency */ = {
			isa = PBXTargetDependency;
			target = 5E5EE6232A6B8088000B59D0 /* AprendiendoiOS */;
			targetProxy = 5E5EE6452A6B808D000B59D0 /* PBXContainerItemProxy */;
		};
/* End PBXTargetDependency section */

/* Begin PBXVariantGroup section */
		5E5EE62D2A6B8088000B59D0 /* Main.storyboard */ = {
			isa = PBXVariantGroup;
			children = (
				5E5EE62E2A6B8088000B59D0 /* Base */,
			);
			name = Main.storyboard;
			sourceTree = "<group>";
		};
		5E5EE6322A6B808C000B59D0 /* LaunchScreen.storyboard */ = {
			isa = PBXVariantGroup;
			children = (
				5E5EE6332A6B808C000B59D0 /* Base */,
			);
			name = LaunchScreen.storyboard;
			sourceTree = "<group>";
		};
/* End PBXVariantGroup section */

/* Begin XCBuildConfiguration section */
		5E5EE64C2A6B808D000B59D0 /* Debug */ = {
			isa = XCBuildConfiguration;
			buildSettings = {
				ALWAYS_SEARCH_USER_PATHS = NO;
				CLANG_ANALYZER_NONNULL = YES;
				CLANG_ANALYZER_NUMBER_OBJECT_CONVERSION = YES_AGGRESSIVE;
				CLANG_CXX_LANGUAGE_STANDARD = "gnu++20";
				CLANG_ENABLE_MODULES = YES;
				CLANG_ENABLE_OBJC_ARC = YES;
				CLANG_ENABLE_OBJC_WEAK = YES;
				CLANG_WARN_BLOCK_CAPTURE_AUTORELEASING = YES;
				CLANG_WARN_BOOL_CONVERSION = YES;
				CLANG_WARN_COMMA = YES;
				CLANG_WARN_CONSTANT_CONVERSION = YES;
				CLANG_WARN_DEPRECATED_OBJC_IMPLEMENTATIONS = YES;
				CLANG_WARN_DIRECT_OBJC_ISA_USAGE = YES_ERROR;
				CLANG_WARN_DOCUMENTATION_COMMENTS = YES;
				CLANG_WARN_EMPTY_BODY = YES;
				CLANG_WARN_ENUM_CONVERSION = YES;
				CLANG_WARN_INFINITE_RECURSION = YES;
				CLANG_WARN_INT_CONVERSION = YES;
				CLANG_WARN_NON_LITERAL_NULL_CONVERSION = YES;
				CLANG_WARN_OBJC_IMPLICIT_RETAIN_SELF = YES;
				CLANG_WARN_OBJC_LITERAL_CONVERSION = YES;
				CLANG_WARN_OBJC_ROOT_CLASS = YES_ERROR;
				CLANG_WARN_QUOTED_INCLUDE_IN_FRAMEWORK_HEADER = YES;
				CLANG_WARN_RANGE_LOOP_ANALYSIS = YES;
				CLANG_WARN_STRICT_PROTOTYPES = YES;
				CLANG_WARN_SUSPICIOUS_MOVE = YES;
				CLANG_WARN_UNGUARDED_AVAILABILITY = YES_AGGRESSIVE;
				CLANG_WARN_UNREACHABLE_CODE = YES;
				CLANG_WARN__DUPLICATE_METHOD_MATCH = YES;
				COPY_PHASE_STRIP = NO;
				DEBUG_INFORMATION_FORMAT = dwarf;
				ENABLE_STRICT_OBJC_MSGSEND = YES;
				ENABLE_TESTABILITY = YES;
				GCC_C_LANGUAGE_STANDARD = gnu11;
				GCC_DYNAMIC_NO_PIC = NO;
				GCC_NO_COMMON_BLOCKS = YES;
				GCC_OPTIMIZATION_LEVEL = 0;
				GCC_PREPROCESSOR_DEFINITIONS = (
					"DEBUG=1",
					"$(inherited)",
				);
				GCC_WARN_64_TO_32_BIT_CONVERSION = YES;
				GCC_WARN_ABOUT_RETURN_TYPE = YES_ERROR;
				GCC_WARN_UNDECLARED_SELECTOR = YES;
				GCC_WARN_UNINITIALIZED_AUTOS = YES_AGGRESSIVE;
				GCC_WARN_UNUSED_FUNCTION = YES;
				GCC_WARN_UNUSED_VARIABLE = YES;
				IPHONEOS_DEPLOYMENT_TARGET = 16.4;
				MTL_ENABLE_DEBUG_INFO = INCLUDE_SOURCE;
				MTL_FAST_MATH = YES;
				ONLY_ACTIVE_ARCH = YES;
				SDKROOT = iphoneos;
				SWIFT_ACTIVE_COMPILATION_CONDITIONS = DEBUG;
				SWIFT_OPTIMIZATION_LEVEL = "-Onone";
			};
			name = Debug;
		};
		5E5EE64D2A6B808D000B59D0 /* Release */ = {
			isa = XCBuildConfiguration;
			buildSettings = {
				ALWAYS_SEARCH_USER_PATHS = NO;
				CLANG_ANALYZER_NONNULL = YES;
				CLANG_ANALYZER_NUMBER_OBJECT_CONVERSION = YES_AGGRESSIVE;
				CLANG_CXX_LANGUAGE_STANDARD = "gnu++20";
				CLANG_ENABLE_MODULES = YES;
				CLANG_ENABLE_OBJC_ARC = YES;
				CLANG_ENABLE_OBJC_WEAK = YES;
				CLANG_WARN_BLOCK_CAPTURE_AUTORELEASING = YES;
				CLANG_WARN_BOOL_CONVERSION = YES;
				CLANG_WARN_COMMA = YES;
				CLANG_WARN_CONSTANT_CONVERSION = YES;
				CLANG_WARN_DEPRECATED_OBJC_IMPLEMENTATIONS = YES;
				CLANG_WARN_DIRECT_OBJC_ISA_USAGE = YES_ERROR;
				CLANG_WARN_DOCUMENTATION_COMMENTS = YES;
				CLANG_WARN_EMPTY_BODY = YES;
				CLANG_WARN_ENUM_CONVERSION = YES;
				CLANG_WARN_INFINITE_RECURSION = YES;
				CLANG_WARN_INT_CONVERSION = YES;
				CLANG_WARN_NON_LITERAL_NULL_CONVERSION = YES;
				CLANG_WARN_OBJC_IMPLICIT_RETAIN_SELF = YES;
				CLANG_WARN_OBJC_LITERAL_CONVERSION = YES;
				CLANG_WARN_OBJC_ROOT_CLASS = YES_ERROR;
				CLANG_WARN_QUOTED_INCLUDE_IN_FRAMEWORK_HEADER = YES;
				CLANG_WARN_RANGE_LOOP_ANALYSIS = YES;
				CLANG_WARN_STRICT_PROTOTYPES = YES;
				CLANG_WARN_SUSPICIOUS_MOVE = YES;
				CLANG_WARN_UNGUARDED_AVAILABILITY = YES_AGGRESSIVE;
				CLANG_WARN_UNREACHABLE_CODE = YES;
				CLANG_WARN__DUPLICATE_METHOD_MATCH = YES;
				COPY_PHASE_STRIP = NO;
				DEBUG_INFORMATION_FORMAT = "dwarf-with-dsym";
				ENABLE_NS_ASSERTIONS = NO;
				ENABLE_STRICT_OBJC_MSGSEND = YES;
				GCC_C_LANGUAGE_STANDARD = gnu11;
				GCC_NO_COMMON_BLOCKS = YES;
				GCC_WARN_64_TO_32_BIT_CONVERSION = YES;
				GCC_WARN_ABOUT_RETURN_TYPE = YES_ERROR;
				GCC_WARN_UNDECLARED_SELECTOR = YES;
				GCC_WARN_UNINITIALIZED_AUTOS = YES_AGGRESSIVE;
				GCC_WARN_UNUSED_FUNCTION = YES;
				GCC_WARN_UNUSED_VARIABLE = YES;
				IPHONEOS_DEPLOYMENT_TARGET = 16.4;
				MTL_ENABLE_DEBUG_INFO = NO;
				MTL_FAST_MATH = YES;
				SDKROOT = iphoneos;
				SWIFT_COMPILATION_MODE = wholemodule;
				SWIFT_OPTIMIZATION_LEVEL = "-O";
				VALIDATE_PRODUCT = YES;
			};
			name = Release;
		};
		5E5EE64F2A6B808D000B59D0 /* Debug */ = {
			isa = XCBuildConfiguration;
			buildSettings = {
				ASSETCATALOG_COMPILER_APPICON_NAME = AppIcon;
				ASSETCATALOG_COMPILER_GLOBAL_ACCENT_COLOR_NAME = AccentColor;
				CODE_SIGN_STYLE = Automatic;
				CURRENT_PROJECT_VERSION = 1;
				DEVELOPMENT_TEAM = RF53Q9S9PW;
				GENERATE_INFOPLIST_FILE = YES;
				INFOPLIST_FILE = AprendiendoiOS/Info.plist;
				INFOPLIST_KEY_UIApplicationSupportsIndirectInputEvents = YES;
				INFOPLIST_KEY_UILaunchStoryboardName = LaunchScreen;
				INFOPLIST_KEY_UIMainStoryboardFile = Main;
				INFOPLIST_KEY_UISupportedInterfaceOrientations_iPad = "UIInterfaceOrientationPortrait UIInterfaceOrientationPortraitUpsideDown UIInterfaceOrientationLandscapeLeft UIInterfaceOrientationLandscapeRight";
				INFOPLIST_KEY_UISupportedInterfaceOrientations_iPhone = "UIInterfaceOrientationPortrait UIInterfaceOrientationLandscapeLeft UIInterfaceOrientationLandscapeRight";
				LD_RUNPATH_SEARCH_PATHS = (
					"$(inherited)",
					"@executable_path/Frameworks",
				);
				MARKETING_VERSION = 1.0;
				PRODUCT_BUNDLE_IDENTIFIER = com.livevox.AprendiendoiOS;
				PRODUCT_NAME = "$(TARGET_NAME)";
				SWIFT_EMIT_LOC_STRINGS = YES;
				SWIFT_VERSION = 5.0;
				TARGETED_DEVICE_FAMILY = "1,2";
			};
			name = Debug;
		};
		5E5EE6502A6B808D000B59D0 /* Release */ = {
			isa = XCBuildConfiguration;
			buildSettings = {
				ASSETCATALOG_COMPILER_APPICON_NAME = AppIcon;
				ASSETCATALOG_COMPILER_GLOBAL_ACCENT_COLOR_NAME = AccentColor;
				CODE_SIGN_STYLE = Automatic;
				CURRENT_PROJECT_VERSION = 1;
				DEVELOPMENT_TEAM = RF53Q9S9PW;
				GENERATE_INFOPLIST_FILE = YES;
				INFOPLIST_FILE = AprendiendoiOS/Info.plist;
				INFOPLIST_KEY_UIApplicationSupportsIndirectInputEvents = YES;
				INFOPLIST_KEY_UILaunchStoryboardName = LaunchScreen;
				INFOPLIST_KEY_UIMainStoryboardFile = Main;
				INFOPLIST_KEY_UISupportedInterfaceOrientations_iPad = "UIInterfaceOrientationPortrait UIInterfaceOrientationPortraitUpsideDown UIInterfaceOrientationLandscapeLeft UIInterfaceOrientationLandscapeRight";
				INFOPLIST_KEY_UISupportedInterfaceOrientations_iPhone = "UIInterfaceOrientationPortrait UIInterfaceOrientationLandscapeLeft UIInterfaceOrientationLandscapeRight";
				LD_RUNPATH_SEARCH_PATHS = (
					"$(inherited)",
					"@executable_path/Frameworks",
				);
				MARKETING_VERSION = 1.0;
				PRODUCT_BUNDLE_IDENTIFIER = com.livevox.AprendiendoiOS;
				PRODUCT_NAME = "$(TARGET_NAME)";
				SWIFT_EMIT_LOC_STRINGS = YES;
				SWIFT_VERSION = 5.0;
				TARGETED_DEVICE_FAMILY = "1,2";
			};
			name = Release;
		};
		5E5EE6522A6B808D000B59D0 /* Debug */ = {
			isa = XCBuildConfiguration;
			buildSettings = {
				ALWAYS_EMBED_SWIFT_STANDARD_LIBRARIES = YES;
				BUNDLE_LOADER = "$(TEST_HOST)";
				CODE_SIGN_STYLE = Automatic;
				CURRENT_PROJECT_VERSION = 1;
				DEVELOPMENT_TEAM = RF53Q9S9PW;
				GENERATE_INFOPLIST_FILE = YES;
				IPHONEOS_DEPLOYMENT_TARGET = 16.4;
				MARKETING_VERSION = 1.0;
				PRODUCT_BUNDLE_IDENTIFIER = com.livevox.AprendiendoiOSTests;
				PRODUCT_NAME = "$(TARGET_NAME)";
				SWIFT_EMIT_LOC_STRINGS = NO;
				SWIFT_VERSION = 5.0;
				TARGETED_DEVICE_FAMILY = "1,2";
				TEST_HOST = "$(BUILT_PRODUCTS_DIR)/AprendiendoiOS.app/$(BUNDLE_EXECUTABLE_FOLDER_PATH)/AprendiendoiOS";
			};
			name = Debug;
		};
		5E5EE6532A6B808D000B59D0 /* Release */ = {
			isa = XCBuildConfiguration;
			buildSettings = {
				ALWAYS_EMBED_SWIFT_STANDARD_LIBRARIES = YES;
				BUNDLE_LOADER = "$(TEST_HOST)";
				CODE_SIGN_STYLE = Automatic;
				CURRENT_PROJECT_VERSION = 1;
				DEVELOPMENT_TEAM = RF53Q9S9PW;
				GENERATE_INFOPLIST_FILE = YES;
				IPHONEOS_DEPLOYMENT_TARGET = 16.4;
				MARKETING_VERSION = 1.0;
				PRODUCT_BUNDLE_IDENTIFIER = com.livevox.AprendiendoiOSTests;
				PRODUCT_NAME = "$(TARGET_NAME)";
				SWIFT_EMIT_LOC_STRINGS = NO;
				SWIFT_VERSION = 5.0;
				TARGETED_DEVICE_FAMILY = "1,2";
				TEST_HOST = "$(BUILT_PRODUCTS_DIR)/AprendiendoiOS.app/$(BUNDLE_EXECUTABLE_FOLDER_PATH)/AprendiendoiOS";
			};
			name = Release;
		};
		5E5EE6552A6B808D000B59D0 /* Debug */ = {
			isa = XCBuildConfiguration;
			buildSettings = {
				ALWAYS_EMBED_SWIFT_STANDARD_LIBRARIES = YES;
				CODE_SIGN_STYLE = Automatic;
				CURRENT_PROJECT_VERSION = 1;
				DEVELOPMENT_TEAM = RF53Q9S9PW;
				GENERATE_INFOPLIST_FILE = YES;
				MARKETING_VERSION = 1.0;
				PRODUCT_BUNDLE_IDENTIFIER = com.livevox.AprendiendoiOSUITests;
				PRODUCT_NAME = "$(TARGET_NAME)";
				SWIFT_EMIT_LOC_STRINGS = NO;
				SWIFT_VERSION = 5.0;
				TARGETED_DEVICE_FAMILY = "1,2";
				TEST_TARGET_NAME = AprendiendoiOS;
			};
			name = Debug;
		};
		5E5EE6562A6B808D000B59D0 /* Release */ = {
			isa = XCBuildConfiguration;
			buildSettings = {
				ALWAYS_EMBED_SWIFT_STANDARD_LIBRARIES = YES;
				CODE_SIGN_STYLE = Automatic;
				CURRENT_PROJECT_VERSION = 1;
				DEVELOPMENT_TEAM = RF53Q9S9PW;
				GENERATE_INFOPLIST_FILE = YES;
				MARKETING_VERSION = 1.0;
				PRODUCT_BUNDLE_IDENTIFIER = com.livevox.AprendiendoiOSUITests;
				PRODUCT_NAME = "$(TARGET_NAME)";
				SWIFT_EMIT_LOC_STRINGS = NO;
				SWIFT_VERSION = 5.0;
				TARGETED_DEVICE_FAMILY = "1,2";
				TEST_TARGET_NAME = AprendiendoiOS;
			};
			name = Release;
		};
/* End XCBuildConfiguration section */

/* Begin XCConfigurationList section */
		5E5EE61F2A6B8088000B59D0 /* Build configuration list for PBXProject "AprendiendoiOS" */ = {
			isa = XCConfigurationList;
			buildConfigurations = (
				5E5EE64C2A6B808D000B59D0 /* Debug */,
				5E5EE64D2A6B808D000B59D0 /* Release */,
			);
			defaultConfigurationIsVisible = 0;
			defaultConfigurationName = Release;
		};
		5E5EE64E2A6B808D000B59D0 /* Build configuration list for PBXNativeTarget "AprendiendoiOS" */ = {
			isa = XCConfigurationList;
			buildConfigurations = (
				5E5EE64F2A6B808D000B59D0 /* Debug */,
				5E5EE6502A6B808D000B59D0 /* Release */,
			);
			defaultConfigurationIsVisible = 0;
			defaultConfigurationName = Release;
		};
		5E5EE6512A6B808D000B59D0 /* Build configuration list for PBXNativeTarget "AprendiendoiOSTests" */ = {
			isa = XCConfigurationList;
			buildConfigurations = (
				5E5EE6522A6B808D000B59D0 /* Debug */,
				5E5EE6532A6B808D000B59D0 /* Release */,
			);
			defaultConfigurationIsVisible = 0;
			defaultConfigurationName = Release;
		};
		5E5EE6542A6B808D000B59D0 /* Build configuration list for PBXNativeTarget "AprendiendoiOSUITests" */ = {
			isa = XCConfigurationList;
			buildConfigurations = (
				5E5EE6552A6B808D000B59D0 /* Debug */,
				5E5EE6562A6B808D000B59D0 /* Release */,
			);
			defaultConfigurationIsVisible = 0;
			defaultConfigurationName = Release;
		};
/* End XCConfigurationList section */
	};
	rootObject = 5E5EE61C2A6B8088000B59D0 /* Project object */;
}
